Microsoft Visual Studio Solution File, Format Version 12.00
# Visual Studio Version 17
VisualStudioVersion = 17.14.35806.103
MinimumVisualStudioVersion = 10.0.40219.1
Project("{FAE04EC0-301F-11D3-BF4B-00C04F79EFBC}") = "Orchestration.AppHost", "Orchestration.AppHost\Orchestration.AppHost.csproj", "{8A4D6348-221F-4457-869C-71D41E78C7B9}"
EndProject
Project("{FAE04EC0-301F-11D3-BF4B-00C04F79EFBC}") = "Orchestration.ServiceDefaults", "Orchestration.ServiceDefaults\Orchestration.ServiceDefaults.csproj", "{78ADCC5F-3DDD-617C-5F24-F74E184D737C}"
EndProject
Project("{2150E333-8FDC-42A3-9474-1A3956D46DE8}") = "BuildingBlocks", "BuildingBlocks", "{02EA681E-C7D8-13C7-8484-4AC65E1B71E8}"
EndProject
Project("{2150E333-8FDC-42A3-9474-1A3956D46DE8}") = "Services", "Services", "{07130283-3598-4DDE-9989-A3F9FB8B7741}"
EndProject
Project("{2150E333-8FDC-42A3-9474-1A3956D46DE8}") = "Product", "Product", "{81DB791F-CA95-419C-A0B8-C1CEBB94BA8E}"
EndProject
Project("{2150E333-8FDC-42A3-9474-1A3956D46DE8}") = "UI", "UI", "{6FC7E05B-207B-421E-886B-E7F822E53BD7}"
EndProject
Project("{2150E333-8FDC-42A3-9474-1A3956D46DE8}") = "User", "User", "{61B1723C-0A22-4ED7-96BD-5F6B9B76EAB1}"
EndProject
Project("{FAE04EC0-301F-11D3-BF4B-00C04F79EFBC}") = "ProductService.Api", "..\Services\ProductService\src\ProductService.Api\ProductService.Api.csproj", "{33A3C624-D2CD-F414-6038-6119010763B8}"
EndProject
Project("{FAE04EC0-301F-11D3-BF4B-00C04F79EFBC}") = "ProductService.Application", "..\Services\ProductService\src\ProductService.Application\ProductService.Application.csproj", "{28DEAD34-9D7D-38F1-08C3-460D126F9CD6}"
EndProject
Project("{FAE04EC0-301F-11D3-BF4B-00C04F79EFBC}") = "ProductService.Infrastructure", "..\Services\ProductService\src\ProductService.Infrastructure\ProductService.Infrastructure.csproj", "{D0A3EF5F-1FC8-FB98-D745-893B75104CE7}"
EndProject
Project("{FAE04EC0-301F-11D3-BF4B-00C04F79EFBC}") = "ProductService.Domain", "..\Services\ProductService\src\ProductService.Domain\ProductService.Domain.csproj", "{A1EC59D8-47BB-397E-AB7A-879A912F4835}"
EndProject
Project("{FAE04EC0-301F-11D3-BF4B-00C04F79EFBC}") = "UserService.Api", "..\Services\UserService\src\UserService.Api\UserService.Api.csproj", "{0E5F65F3-4D7C-F6C1-1EB8-C22DB66A8947}"
EndProject
Project("{FAE04EC0-301F-11D3-BF4B-00C04F79EFBC}") = "UserService.Application", "..\Services\UserService\src\UserService.Application\UserService.Application.csproj", "{AD707692-C251-AABD-FB33-2A721BAC84AE}"
EndProject
Project("{FAE04EC0-301F-11D3-BF4B-00C04F79EFBC}") = "UserService.Domains", "..\Services\UserService\src\UserService.Domain\UserService.Domains.csproj", "{CA579DC3-03E2-CF58-A539-B80A836269F8}"
EndProject
Project("{FAE04EC0-301F-11D3-BF4B-00C04F79EFBC}") = "UserService.Infrastructure", "..\Services\UserService\src\UserService.Infrastructure\UserService.Infrastructure.csproj", "{7120D2E5-640B-7FE9-2C06-DEC07955593A}"
EndProject
Project("{FAE04EC0-301F-11D3-BF4B-00C04F79EFBC}") = "Ecommerce", "..\UI\BlazorWASM\Ecommerce\Ecommerce.csproj", "{C7C4CC65-7C99-D702-517E-DEA50FA5646D}"
EndProject
Project("{FAE04EC0-301F-11D3-BF4B-00C04F79EFBC}") = "ECommerce.Infrastructure", "..\UI\BlazorWASM\ECommerce.Infrastructure\ECommerce.Infrastructure.csproj", "{1C2381CB-C843-83C3-433E-C02AEAE2FB04}"
EndProject
Project("{2150E333-8FDC-42A3-9474-1A3956D46DE8}") = "Payment", "Payment", "{82E5EE75-049D-47BA-964C-B51389187256}"
EndProject
Project("{FAE04EC0-301F-11D3-BF4B-00C04F79EFBC}") = "PaymentService.Api", "..\Services\PaymentService\PaymentService.Api\PaymentService.Api.csproj", "{4B492FBA-D18D-2DFA-D602-CCF1D212B7AC}"
EndProject
Project("{FAE04EC0-301F-11D3-BF4B-00C04F79EFBC}") = "PaymentService.Application", "..\Services\PaymentService\PaymentService.Application\PaymentService.Application.csproj", "{A3F99378-3372-5643-D2D6-6AACD119602B}"
EndProject
Project("{FAE04EC0-301F-11D3-BF4B-00C04F79EFBC}") = "PaymentService.Infrastructure", "..\Services\PaymentService\PaymentService.Infrastructure\PaymentService.Infrastructure.csproj", "{0EBA2FC3-73A8-1B90-F206-99D4CC85B208}"
EndProject
Project("{FAE04EC0-301F-11D3-BF4B-00C04F79EFBC}") = "PaymentService.Domain", "..\Services\PaymentService\PaymentService.Domain\PaymentService.Domain.csproj", "{FA3F5029-BCAE-9987-BBDF-6DC03C58355C}"
EndProject
Project("{FAE04EC0-301F-11D3-BF4B-00C04F79EFBC}") = "APIGateway", "..\BuildingBlocks\APIGateway\APIGateway.csproj", "{06313198-7A34-A789-CB9B-470FC8B218DF}"
EndProject
Project("{FAE04EC0-301F-11D3-BF4B-00C04F79EFBC}") = "SharedLibrary", "..\BuildingBlocks\SharedLibrary\src\SharedLibrary.csproj", "{816C7750-DD5D-5DBF-FC30-7EED3F9D331B}"
EndProject
Project("{FAE04EC0-301F-11D3-BF4B-00C04F79EFBC}") = "EventBus", "..\BuildingBlocks\EventBus\EventBus.csproj", "{4FCF3162-6347-D11F-6A35-3EB842A920DB}"
EndProject
Project("{FAE04EC0-301F-11D3-BF4B-00C04F79EFBC}") = "Mediator", "..\BuildingBlocks\Mediator\Mediator.csproj", "{46BA3F27-D636-6644-7F17-C3235B7D6146}"
EndProject
Project("{2150E333-8FDC-42A3-9474-1A3956D46DE8}") = "Cart", "Cart", "{7F6919BD-0121-4400-B681-526F53F6F2FF}"
EndProject
Project("{FAE04EC0-301F-11D3-BF4B-00C04F79EFBC}") = "CartService.Api", "..\Services\CartService\src\CartService.Api\CartService.Api.csproj", "{E30B86AE-8D4B-56B4-1037-512BB82753FB}"
EndProject
Project("{FAE04EC0-301F-11D3-BF4B-00C04F79EFBC}") = "CartService.Infrastructure", "..\Services\CartService\src\CartService.Infrastructure\CartService.Infrastructure.csproj", "{C62BE929-9A03-0978-4C9F-D562C51361CF}"
EndProject
Project("{FAE04EC0-301F-11D3-BF4B-00C04F79EFBC}") = "CartService.IntegrationEvents", "..\Services\CartService\src\CartService.IntegrationEvents\CartService.IntegrationEvents.csproj", "{BE22DC38-197C-0C5C-FC7D-BC00D083B197}"
EndProject
Project("{FAE04EC0-301F-11D3-BF4B-00C04F79EFBC}") = "CartService.Notification", "..\Services\CartService\src\CartService.Notification\CartService.Notification.csproj", "{BAACD3DD-F9DD-269F-C637-31F4F4DF21ED}"
EndProject
Project("{FAE04EC0-301F-11D3-BF4B-00C04F79EFBC}") = "CartService.Persistence", "..\Services\CartService\src\CartService.Persistence\CartService.Persistence.csproj", "{6173904A-5C04-6E6D-1AB4-55012CAD6117}"
EndProject
Project("{2150E333-8FDC-42A3-9474-1A3956D46DE8}") = "IdentityServer", "IdentityServer", "{1C1E256D-76DB-451D-B873-61710AFEE0BE}"
EndProject
Project("{FAE04EC0-301F-11D3-BF4B-00C04F79EFBC}") = "IdentityServer.Api", "..\IdentityServer\src\IdentityServer.Api\IdentityServer.Api.csproj", "{9B3471D5-3B0B-42EC-5471-5AC144FB3D1D}"
EndProject
Project("{FAE04EC0-301F-11D3-BF4B-00C04F79EFBC}") = "IdentityServer.Application", "..\IdentityServer\src\IdentityServer.Application\IdentityServer.Application.csproj", "{A2BDA0CE-97B7-C139-06F8-F7EEC2CE8F87}"
EndProject
Project("{FAE04EC0-301F-11D3-BF4B-00C04F79EFBC}") = "IdentityServer.Persistence", "..\IdentityServer\src\IdentityServer.Persistence\IdentityServer.Persistence.csproj", "{02832A26-8AE8-B23F-58B6-EC09E447FE67}"
EndProject
Project("{FAE04EC0-301F-11D3-BF4B-00C04F79EFBC}") = "IdentityServer.Shared", "..\IdentityServer\src\IdentityServer.Shared\IdentityServer.Shared.csproj", "{3CED2ED6-2C08-A4B2-E3CC-8040C7A5F47B}"
EndProject
Global
	GlobalSection(SolutionConfigurationPlatforms) = preSolution
		Debug|Any CPU = Debug|Any CPU
		Release|Any CPU = Release|Any CPU
	EndGlobalSection
	GlobalSection(ProjectConfigurationPlatforms) = postSolution
		{8A4D6348-221F-4457-869C-71D41E78C7B9}.Debug|Any CPU.ActiveCfg = Debug|Any CPU
		{8A4D6348-221F-4457-869C-71D41E78C7B9}.Debug|Any CPU.Build.0 = Debug|Any CPU
		{8A4D6348-221F-4457-869C-71D41E78C7B9}.Release|Any CPU.ActiveCfg = Release|Any CPU
		{8A4D6348-221F-4457-869C-71D41E78C7B9}.Release|Any CPU.Build.0 = Release|Any CPU
		{78ADCC5F-3DDD-617C-5F24-F74E184D737C}.Debug|Any CPU.ActiveCfg = Debug|Any CPU
		{78ADCC5F-3DDD-617C-5F24-F74E184D737C}.Debug|Any CPU.Build.0 = Debug|Any CPU
		{78ADCC5F-3DDD-617C-5F24-F74E184D737C}.Release|Any CPU.ActiveCfg = Release|Any CPU
		{78ADCC5F-3DDD-617C-5F24-F74E184D737C}.Release|Any CPU.Build.0 = Release|Any CPU
		{33A3C624-D2CD-F414-6038-6119010763B8}.Debug|Any CPU.ActiveCfg = Debug|Any CPU
		{33A3C624-D2CD-F414-6038-6119010763B8}.Debug|Any CPU.Build.0 = Debug|Any CPU
		{33A3C624-D2CD-F414-6038-6119010763B8}.Release|Any CPU.ActiveCfg = Release|Any CPU
		{33A3C624-D2CD-F414-6038-6119010763B8}.Release|Any CPU.Build.0 = Release|Any CPU
		{28DEAD34-9D7D-38F1-08C3-460D126F9CD6}.Debug|Any CPU.ActiveCfg = Debug|Any CPU
		{28DEAD34-9D7D-38F1-08C3-460D126F9CD6}.Debug|Any CPU.Build.0 = Debug|Any CPU
		{28DEAD34-9D7D-38F1-08C3-460D126F9CD6}.Release|Any CPU.ActiveCfg = Release|Any CPU
		{28DEAD34-9D7D-38F1-08C3-460D126F9CD6}.Release|Any CPU.Build.0 = Release|Any CPU
		{D0A3EF5F-1FC8-FB98-D745-893B75104CE7}.Debug|Any CPU.ActiveCfg = Debug|Any CPU
		{D0A3EF5F-1FC8-FB98-D745-893B75104CE7}.Debug|Any CPU.Build.0 = Debug|Any CPU
		{D0A3EF5F-1FC8-FB98-D745-893B75104CE7}.Release|Any CPU.ActiveCfg = Release|Any CPU
		{D0A3EF5F-1FC8-FB98-D745-893B75104CE7}.Release|Any CPU.Build.0 = Release|Any CPU
		{A1EC59D8-47BB-397E-AB7A-879A912F4835}.Debug|Any CPU.ActiveCfg = Debug|Any CPU
		{A1EC59D8-47BB-397E-AB7A-879A912F4835}.Debug|Any CPU.Build.0 = Debug|Any CPU
		{A1EC59D8-47BB-397E-AB7A-879A912F4835}.Release|Any CPU.ActiveCfg = Release|Any CPU
		{A1EC59D8-47BB-397E-AB7A-879A912F4835}.Release|Any CPU.Build.0 = Release|Any CPU
		{0E5F65F3-4D7C-F6C1-1EB8-C22DB66A8947}.Debug|Any CPU.ActiveCfg = Debug|Any CPU
		{0E5F65F3-4D7C-F6C1-1EB8-C22DB66A8947}.Debug|Any CPU.Build.0 = Debug|Any CPU
		{0E5F65F3-4D7C-F6C1-1EB8-C22DB66A8947}.Release|Any CPU.ActiveCfg = Release|Any CPU
		{0E5F65F3-4D7C-F6C1-1EB8-C22DB66A8947}.Release|Any CPU.Build.0 = Release|Any CPU
		{AD707692-C251-AABD-FB33-2A721BAC84AE}.Debug|Any CPU.ActiveCfg = Debug|Any CPU
		{AD707692-C251-AABD-FB33-2A721BAC84AE}.Debug|Any CPU.Build.0 = Debug|Any CPU
		{AD707692-C251-AABD-FB33-2A721BAC84AE}.Release|Any CPU.ActiveCfg = Release|Any CPU
		{AD707692-C251-AABD-FB33-2A721BAC84AE}.Release|Any CPU.Build.0 = Release|Any CPU
		{CA579DC3-03E2-CF58-A539-B80A836269F8}.Debug|Any CPU.ActiveCfg = Debug|Any CPU
		{CA579DC3-03E2-CF58-A539-B80A836269F8}.Debug|Any CPU.Build.0 = Debug|Any CPU
		{CA579DC3-03E2-CF58-A539-B80A836269F8}.Release|Any CPU.ActiveCfg = Release|Any CPU
		{CA579DC3-03E2-CF58-A539-B80A836269F8}.Release|Any CPU.Build.0 = Release|Any CPU
		{7120D2E5-640B-7FE9-2C06-DEC07955593A}.Debug|Any CPU.ActiveCfg = Debug|Any CPU
		{7120D2E5-640B-7FE9-2C06-DEC07955593A}.Debug|Any CPU.Build.0 = Debug|Any CPU
		{7120D2E5-640B-7FE9-2C06-DEC07955593A}.Release|Any CPU.ActiveCfg = Release|Any CPU
		{7120D2E5-640B-7FE9-2C06-DEC07955593A}.Release|Any CPU.Build.0 = Release|Any CPU
		{C7C4CC65-7C99-D702-517E-DEA50FA5646D}.Debug|Any CPU.ActiveCfg = Debug|Any CPU
		{C7C4CC65-7C99-D702-517E-DEA50FA5646D}.Debug|Any CPU.Build.0 = Debug|Any CPU
		{C7C4CC65-7C99-D702-517E-DEA50FA5646D}.Release|Any CPU.ActiveCfg = Release|Any CPU
		{C7C4CC65-7C99-D702-517E-DEA50FA5646D}.Release|Any CPU.Build.0 = Release|Any CPU
		{1C2381CB-C843-83C3-433E-C02AEAE2FB04}.Debug|Any CPU.ActiveCfg = Debug|Any CPU
		{1C2381CB-C843-83C3-433E-C02AEAE2FB04}.Debug|Any CPU.Build.0 = Debug|Any CPU
		{1C2381CB-C843-83C3-433E-C02AEAE2FB04}.Release|Any CPU.ActiveCfg = Release|Any CPU
		{1C2381CB-C843-83C3-433E-C02AEAE2FB04}.Release|Any CPU.Build.0 = Release|Any CPU
		{4B492FBA-D18D-2DFA-D602-CCF1D212B7AC}.Debug|Any CPU.ActiveCfg = Debug|Any CPU
		{4B492FBA-D18D-2DFA-D602-CCF1D212B7AC}.Debug|Any CPU.Build.0 = Debug|Any CPU
		{4B492FBA-D18D-2DFA-D602-CCF1D212B7AC}.Release|Any CPU.ActiveCfg = Release|Any CPU
		{4B492FBA-D18D-2DFA-D602-CCF1D212B7AC}.Release|Any CPU.Build.0 = Release|Any CPU
		{A3F99378-3372-5643-D2D6-6AACD119602B}.Debug|Any CPU.ActiveCfg = Debug|Any CPU
		{A3F99378-3372-5643-D2D6-6AACD119602B}.Debug|Any CPU.Build.0 = Debug|Any CPU
		{A3F99378-3372-5643-D2D6-6AACD119602B}.Release|Any CPU.ActiveCfg = Release|Any CPU
		{A3F99378-3372-5643-D2D6-6AACD119602B}.Release|Any CPU.Build.0 = Release|Any CPU
		{0EBA2FC3-73A8-1B90-F206-99D4CC85B208}.Debug|Any CPU.ActiveCfg = Debug|Any CPU
		{0EBA2FC3-73A8-1B90-F206-99D4CC85B208}.Debug|Any CPU.Build.0 = Debug|Any CPU
		{0EBA2FC3-73A8-1B90-F206-99D4CC85B208}.Release|Any CPU.ActiveCfg = Release|Any CPU
		{0EBA2FC3-73A8-1B90-F206-99D4CC85B208}.Release|Any CPU.Build.0 = Release|Any CPU
		{FA3F5029-BCAE-9987-BBDF-6DC03C58355C}.Debug|Any CPU.ActiveCfg = Debug|Any CPU
		{FA3F5029-BCAE-9987-BBDF-6DC03C58355C}.Debug|Any CPU.Build.0 = Debug|Any CPU
		{FA3F5029-BCAE-9987-BBDF-6DC03C58355C}.Release|Any CPU.ActiveCfg = Release|Any CPU
		{FA3F5029-BCAE-9987-BBDF-6DC03C58355C}.Release|Any CPU.Build.0 = Release|Any CPU
		{06313198-7A34-A789-CB9B-470FC8B218DF}.Debug|Any CPU.ActiveCfg = Debug|Any CPU
		{06313198-7A34-A789-CB9B-470FC8B218DF}.Debug|Any CPU.Build.0 = Debug|Any CPU
		{06313198-7A34-A789-CB9B-470FC8B218DF}.Release|Any CPU.ActiveCfg = Release|Any CPU
		{06313198-7A34-A789-CB9B-470FC8B218DF}.Release|Any CPU.Build.0 = Release|Any CPU
		{816C7750-DD5D-5DBF-FC30-7EED3F9D331B}.Debug|Any CPU.ActiveCfg = Debug|Any CPU
		{816C7750-DD5D-5DBF-FC30-7EED3F9D331B}.Debug|Any CPU.Build.0 = Debug|Any CPU
		{816C7750-DD5D-5DBF-FC30-7EED3F9D331B}.Release|Any CPU.ActiveCfg = Release|Any CPU
		{816C7750-DD5D-5DBF-FC30-7EED3F9D331B}.Release|Any CPU.Build.0 = Release|Any CPU
		{4FCF3162-6347-D11F-6A35-3EB842A920DB}.Debug|Any CPU.ActiveCfg = Debug|Any CPU
		{4FCF3162-6347-D11F-6A35-3EB842A920DB}.Debug|Any CPU.Build.0 = Debug|Any CPU
		{4FCF3162-6347-D11F-6A35-3EB842A920DB}.Release|Any CPU.ActiveCfg = Release|Any CPU
		{4FCF3162-6347-D11F-6A35-3EB842A920DB}.Release|Any CPU.Build.0 = Release|Any CPU
		{46BA3F27-D636-6644-7F17-C3235B7D6146}.Debug|Any CPU.ActiveCfg = Debug|Any CPU
		{46BA3F27-D636-6644-7F17-C3235B7D6146}.Debug|Any CPU.Build.0 = Debug|Any CPU
		{46BA3F27-D636-6644-7F17-C3235B7D6146}.Release|Any CPU.ActiveCfg = Release|Any CPU
		{46BA3F27-D636-6644-7F17-C3235B7D6146}.Release|Any CPU.Build.0 = Release|Any CPU
		{E30B86AE-8D4B-56B4-1037-512BB82753FB}.Debug|Any CPU.ActiveCfg = Debug|Any CPU
		{E30B86AE-8D4B-56B4-1037-512BB82753FB}.Debug|Any CPU.Build.0 = Debug|Any CPU
		{E30B86AE-8D4B-56B4-1037-512BB82753FB}.Release|Any CPU.ActiveCfg = Release|Any CPU
		{E30B86AE-8D4B-56B4-1037-512BB82753FB}.Release|Any CPU.Build.0 = Release|Any CPU
		{C62BE929-9A03-0978-4C9F-D562C51361CF}.Debug|Any CPU.ActiveCfg = Debug|Any CPU
		{C62BE929-9A03-0978-4C9F-D562C51361CF}.Debug|Any CPU.Build.0 = Debug|Any CPU
		{C62BE929-9A03-0978-4C9F-D562C51361CF}.Release|Any CPU.ActiveCfg = Release|Any CPU
		{C62BE929-9A03-0978-4C9F-D562C51361CF}.Release|Any CPU.Build.0 = Release|Any CPU
		{BE22DC38-197C-0C5C-FC7D-BC00D083B197}.Debug|Any CPU.ActiveCfg = Debug|Any CPU
		{BE22DC38-197C-0C5C-FC7D-BC00D083B197}.Debug|Any CPU.Build.0 = Debug|Any CPU
		{BE22DC38-197C-0C5C-FC7D-BC00D083B197}.Release|Any CPU.ActiveCfg = Release|Any CPU
		{BE22DC38-197C-0C5C-FC7D-BC00D083B197}.Release|Any CPU.Build.0 = Release|Any CPU
		{BAACD3DD-F9DD-269F-C637-31F4F4DF21ED}.Debug|Any CPU.ActiveCfg = Debug|Any CPU
		{BAACD3DD-F9DD-269F-C637-31F4F4DF21ED}.Debug|Any CPU.Build.0 = Debug|Any CPU
		{BAACD3DD-F9DD-269F-C637-31F4F4DF21ED}.Release|Any CPU.ActiveCfg = Release|Any CPU
		{BAACD3DD-F9DD-269F-C637-31F4F4DF21ED}.Release|Any CPU.Build.0 = Release|Any CPU
		{6173904A-5C04-6E6D-1AB4-55012CAD6117}.Debug|Any CPU.ActiveCfg = Debug|Any CPU
		{6173904A-5C04-6E6D-1AB4-55012CAD6117}.Debug|Any CPU.Build.0 = Debug|Any CPU
		{6173904A-5C04-6E6D-1AB4-55012CAD6117}.Release|Any CPU.ActiveCfg = Release|Any CPU
		{6173904A-5C04-6E6D-1AB4-55012CAD6117}.Release|Any CPU.Build.0 = Release|Any CPU
		{9B3471D5-3B0B-42EC-5471-5AC144FB3D1D}.Debug|Any CPU.ActiveCfg = Debug|Any CPU
		{9B3471D5-3B0B-42EC-5471-5AC144FB3D1D}.Debug|Any CPU.Build.0 = Debug|Any CPU
		{9B3471D5-3B0B-42EC-5471-5AC144FB3D1D}.Release|Any CPU.ActiveCfg = Release|Any CPU
		{9B3471D5-3B0B-42EC-5471-5AC144FB3D1D}.Release|Any CPU.Build.0 = Release|Any CPU
		{A2BDA0CE-97B7-C139-06F8-F7EEC2CE8F87}.Debug|Any CPU.ActiveCfg = Debug|Any CPU
		{A2BDA0CE-97B7-C139-06F8-F7EEC2CE8F87}.Debug|Any CPU.Build.0 = Debug|Any CPU
		{A2BDA0CE-97B7-C139-06F8-F7EEC2CE8F87}.Release|Any CPU.ActiveCfg = Release|Any CPU
		{A2BDA0CE-97B7-C139-06F8-F7EEC2CE8F87}.Release|Any CPU.Build.0 = Release|Any CPU
		{02832A26-8AE8-B23F-58B6-EC09E447FE67}.Debug|Any CPU.ActiveCfg = Debug|Any CPU
		{02832A26-8AE8-B23F-58B6-EC09E447FE67}.Debug|Any CPU.Build.0 = Debug|Any CPU
		{02832A26-8AE8-B23F-58B6-EC09E447FE67}.Release|Any CPU.ActiveCfg = Release|Any CPU
		{02832A26-8AE8-B23F-58B6-EC09E447FE67}.Release|Any CPU.Build.0 = Release|Any CPU
		{3CED2ED6-2C08-A4B2-E3CC-8040C7A5F47B}.Debug|Any CPU.ActiveCfg = Debug|Any CPU
		{3CED2ED6-2C08-A4B2-E3CC-8040C7A5F47B}.Debug|Any CPU.Build.0 = Debug|Any CPU
		{3CED2ED6-2C08-A4B2-E3CC-8040C7A5F47B}.Release|Any CPU.ActiveCfg = Release|Any CPU
		{3CED2ED6-2C08-A4B2-E3CC-8040C7A5F47B}.Release|Any CPU.Build.0 = Release|Any CPU
	EndGlobalSection
	GlobalSection(SolutionProperties) = preSolution
		HideSolutionNode = FALSE
	EndGlobalSection
	GlobalSection(NestedProjects) = preSolution
		{81DB791F-CA95-419C-A0B8-C1CEBB94BA8E} = {07130283-3598-4DDE-9989-A3F9FB8B7741}
		{61B1723C-0A22-4ED7-96BD-5F6B9B76EAB1} = {07130283-3598-4DDE-9989-A3F9FB8B7741}
		{33A3C624-D2CD-F414-6038-6119010763B8} = {81DB791F-CA95-419C-A0B8-C1CEBB94BA8E}
		{28DEAD34-9D7D-38F1-08C3-460D126F9CD6} = {81DB791F-CA95-419C-A0B8-C1CEBB94BA8E}
		{D0A3EF5F-1FC8-FB98-D745-893B75104CE7} = {81DB791F-CA95-419C-A0B8-C1CEBB94BA8E}
		{A1EC59D8-47BB-397E-AB7A-879A912F4835} = {81DB791F-CA95-419C-A0B8-C1CEBB94BA8E}
		{0E5F65F3-4D7C-F6C1-1EB8-C22DB66A8947} = {61B1723C-0A22-4ED7-96BD-5F6B9B76EAB1}
		{AD707692-C251-AABD-FB33-2A721BAC84AE} = {61B1723C-0A22-4ED7-96BD-5F6B9B76EAB1}
		{CA579DC3-03E2-CF58-A539-B80A836269F8} = {61B1723C-0A22-4ED7-96BD-5F6B9B76EAB1}
		{7120D2E5-640B-7FE9-2C06-DEC07955593A} = {61B1723C-0A22-4ED7-96BD-5F6B9B76EAB1}
		{C7C4CC65-7C99-D702-517E-DEA50FA5646D} = {6FC7E05B-207B-421E-886B-E7F822E53BD7}
		{1C2381CB-C843-83C3-433E-C02AEAE2FB04} = {6FC7E05B-207B-421E-886B-E7F822E53BD7}
		{82E5EE75-049D-47BA-964C-B51389187256} = {07130283-3598-4DDE-9989-A3F9FB8B7741}
		{4B492FBA-D18D-2DFA-D602-CCF1D212B7AC} = {82E5EE75-049D-47BA-964C-B51389187256}
		{A3F99378-3372-5643-D2D6-6AACD119602B} = {82E5EE75-049D-47BA-964C-B51389187256}
		{0EBA2FC3-73A8-1B90-F206-99D4CC85B208} = {82E5EE75-049D-47BA-964C-B51389187256}
		{FA3F5029-BCAE-9987-BBDF-6DC03C58355C} = {82E5EE75-049D-47BA-964C-B51389187256}
		{06313198-7A34-A789-CB9B-470FC8B218DF} = {02EA681E-C7D8-13C7-8484-4AC65E1B71E8}
		{816C7750-DD5D-5DBF-FC30-7EED3F9D331B} = {02EA681E-C7D8-13C7-8484-4AC65E1B71E8}
		{4FCF3162-6347-D11F-6A35-3EB842A920DB} = {02EA681E-C7D8-13C7-8484-4AC65E1B71E8}
		{46BA3F27-D636-6644-7F17-C3235B7D6146} = {02EA681E-C7D8-13C7-8484-4AC65E1B71E8}
		{7F6919BD-0121-4400-B681-526F53F6F2FF} = {07130283-3598-4DDE-9989-A3F9FB8B7741}
		{E30B86AE-8D4B-56B4-1037-512BB82753FB} = {7F6919BD-0121-4400-B681-526F53F6F2FF}
		{C62BE929-9A03-0978-4C9F-D562C51361CF} = {7F6919BD-0121-4400-B681-526F53F6F2FF}
		{BE22DC38-197C-0C5C-FC7D-BC00D083B197} = {7F6919BD-0121-4400-B681-526F53F6F2FF}
		{BAACD3DD-F9DD-269F-C637-31F4F4DF21ED} = {7F6919BD-0121-4400-B681-526F53F6F2FF}
		{6173904A-5C04-6E6D-1AB4-55012CAD6117} = {7F6919BD-0121-4400-B681-526F53F6F2FF}
		{9B3471D5-3B0B-42EC-5471-5AC144FB3D1D} = {1C1E256D-76DB-451D-B873-61710AFEE0BE}
		{A2BDA0CE-97B7-C139-06F8-F7EEC2CE8F87} = {1C1E256D-76DB-451D-B873-61710AFEE0BE}
		{02832A26-8AE8-B23F-58B6-EC09E447FE67} = {1C1E256D-76DB-451D-B873-61710AFEE0BE}
		{3CED2ED6-2C08-A4B2-E3CC-8040C7A5F47B} = {1C1E256D-76DB-451D-B873-61710AFEE0BE}
	EndGlobalSection
	GlobalSection(ExtensibilityGlobals) = postSolution
		SolutionGuid = {AAD990BF-38B3-45C1-B232-B46A698EA2EC}
	EndGlobalSection
EndGlobal
